
Microsoft Visual Studio Solution File, Format Version 12.00
# Visual Studio 2013
VisualStudioVersion = 12.0.40629.0
MinimumVisualStudioVersion = 10.0.40219.1
Project("{FAE04EC0-301F-11D3-BF4B-00C04F79EFBC}") = "Hospital.Web", "WebHospital\Hospital.Web.csproj", "{373ACB7D-808A-43D8-855A-9DBCB714186D}"
EndProject
Project("{FAE04EC0-301F-11D3-BF4B-00C04F79EFBC}") = "Hospital.Domain", "Hospital.Domain\Hospital.Domain.csproj", "{A694A412-9D5D-4DA2-BD2A-059C67574120}"
EndProject
Project("{FAE04EC0-301F-11D3-BF4B-00C04F79EFBC}") = "Hospital.DataAccess", "Hospital.DataAccess\Hospital.DataAccess.csproj", "{E5615C3F-20BA-4227-B960-BB92E22BAF9F}"
EndProject
Project("{FAE04EC0-301F-11D3-BF4B-00C04F79EFBC}") = "Hospital.Repositories(EF)", "Hospital.Repositories(EF)\Hospital.Repositories(EF).csproj", "{0EF00950-3D45-4784-BD1A-F5A960F42B99}"
EndProject
Project("{FAE04EC0-301F-11D3-BF4B-00C04F79EFBC}") = "Hospital.Services", "Hospital.Services\Hospital.Services.csproj", "{13D00E59-45C9-442F-AB1D-B53344D18971}"
EndProject
Global
	GlobalSection(SolutionConfigurationPlatforms) = preSolution
		Debug|Any CPU = Debug|Any CPU
		Release|Any CPU = Release|Any CPU
	EndGlobalSection
	GlobalSection(ProjectConfigurationPlatforms) = postSolution
		{373ACB7D-808A-43D8-855A-9DBCB714186D}.Debug|Any CPU.ActiveCfg = Debug|Any CPU
		{373ACB7D-808A-43D8-855A-9DBCB714186D}.Debug|Any CPU.Build.0 = Debug|Any CPU
		{373ACB7D-808A-43D8-855A-9DBCB714186D}.Release|Any CPU.ActiveCfg = Release|Any CPU
		{373ACB7D-808A-43D8-855A-9DBCB714186D}.Release|Any CPU.Build.0 = Release|Any CPU
		{A694A412-9D5D-4DA2-BD2A-059C67574120}.Debug|Any CPU.ActiveCfg = Debug|Any CPU
		{A694A412-9D5D-4DA2-BD2A-059C67574120}.Debug|Any CPU.Build.0 = Debug|Any CPU
		{A694A412-9D5D-4DA2-BD2A-059C67574120}.Release|Any CPU.ActiveCfg = Release|Any CPU
		{A694A412-9D5D-4DA2-BD2A-059C67574120}.Release|Any CPU.Build.0 = Release|Any CPU
		{E5615C3F-20BA-4227-B960-BB92E22BAF9F}.Debug|Any CPU.ActiveCfg = Debug|Any CPU
		{E5615C3F-20BA-4227-B960-BB92E22BAF9F}.Debug|Any CPU.Build.0 = Debug|Any CPU
		{E5615C3F-20BA-4227-B960-BB92E22BAF9F}.Release|Any CPU.ActiveCfg = Release|Any CPU
		{E5615C3F-20BA-4227-B960-BB92E22BAF9F}.Release|Any CPU.Build.0 = Release|Any CPU
		{0EF00950-3D45-4784-BD1A-F5A960F42B99}.Debug|Any CPU.ActiveCfg = Debug|Any CPU
		{0EF00950-3D45-4784-BD1A-F5A960F42B99}.Debug|Any CPU.Build.0 = Debug|Any CPU
		{0EF00950-3D45-4784-BD1A-F5A960F42B99}.Release|Any CPU.ActiveCfg = Release|Any CPU
		{0EF00950-3D45-4784-BD1A-F5A960F42B99}.Release|Any CPU.Build.0 = Release|Any CPU
		{13D00E59-45C9-442F-AB1D-B53344D18971}.Debug|Any CPU.ActiveCfg = Debug|Any CPU
		{13D00E59-45C9-442F-AB1D-B53344D18971}.Debug|Any CPU.Build.0 = Debug|Any CPU
		{13D00E59-45C9-442F-AB1D-B53344D18971}.Release|Any CPU.ActiveCfg = Release|Any CPU
		{13D00E59-45C9-442F-AB1D-B53344D18971}.Release|Any CPU.Build.0 = Release|Any CPU
	EndGlobalSection
	GlobalSection(SolutionProperties) = preSolution
		HideSolutionNode = FALSE
	EndGlobalSection
	GlobalSection(ExtensibilityGlobals) = postSolution
		EnterpriseLibraryConfigurationToolBinariesPathV6 = packages\EnterpriseLibrary.TransientFaultHandling.6.0.1304.0\lib\portable-net45+win+wp8;packages\EnterpriseLibrary.TransientFaultHandling.Data.6.0.1304.1\lib\NET45
	EndGlobalSection
EndGlobal
